
Microsoft Visual Studio Solution File, Format Version 12.00
# Visual Studio Version 17
VisualStudioVersion = 17.2.32630.192
MinimumVisualStudioVersion = 10.0.40219.1
Project("{9A19103F-16F7-4668-BE54-9A1E7A4F7556}") = "Vehicle", "Vehicle\Vehicle.csproj", "{4335EBC0-45E7-4856-AF7F-2DFCD99A163C}"
EndProject
Project("{9A19103F-16F7-4668-BE54-9A1E7A4F7556}") = "ConsoleLoader", "ConsoleLoader\ConsoleLoader.csproj", "{CA467B4E-8895-4981-B7DD-5BFBD6120700}"
EndProject
Project("{FAE04EC0-301F-11D3-BF4B-00C04F79EFBC}") = "VehicleView", "VehicleView\VehicleView.csproj", "{B9CA7232-C85F-41B9-B282-4E202E30CCE7}"
EndProject
Project("{FAE04EC0-301F-11D3-BF4B-00C04F79EFBC}") = "Vehicle.Test", "Vehicle.Test\Vehicle.Test.csproj", "{4EF50E4E-65E5-4DD5-A062-A7C98D768F4A}"
EndProject
Global
	GlobalSection(SolutionConfigurationPlatforms) = preSolution
		Debug|Any CPU = Debug|Any CPU
		Release|Any CPU = Release|Any CPU
	EndGlobalSection
	GlobalSection(ProjectConfigurationPlatforms) = postSolution
		{4335EBC0-45E7-4856-AF7F-2DFCD99A163C}.Debug|Any CPU.ActiveCfg = Debug|Any CPU
		{4335EBC0-45E7-4856-AF7F-2DFCD99A163C}.Debug|Any CPU.Build.0 = Debug|Any CPU
		{4335EBC0-45E7-4856-AF7F-2DFCD99A163C}.Release|Any CPU.ActiveCfg = Release|Any CPU
		{4335EBC0-45E7-4856-AF7F-2DFCD99A163C}.Release|Any CPU.Build.0 = Release|Any CPU
		{CA467B4E-8895-4981-B7DD-5BFBD6120700}.Debug|Any CPU.ActiveCfg = Debug|Any CPU
		{CA467B4E-8895-4981-B7DD-5BFBD6120700}.Debug|Any CPU.Build.0 = Debug|Any CPU
		{CA467B4E-8895-4981-B7DD-5BFBD6120700}.Release|Any CPU.ActiveCfg = Release|Any CPU
		{CA467B4E-8895-4981-B7DD-5BFBD6120700}.Release|Any CPU.Build.0 = Release|Any CPU
		{B9CA7232-C85F-41B9-B282-4E202E30CCE7}.Debug|Any CPU.ActiveCfg = Debug|Any CPU
		{B9CA7232-C85F-41B9-B282-4E202E30CCE7}.Debug|Any CPU.Build.0 = Debug|Any CPU
		{B9CA7232-C85F-41B9-B282-4E202E30CCE7}.Release|Any CPU.ActiveCfg = Release|Any CPU
		{B9CA7232-C85F-41B9-B282-4E202E30CCE7}.Release|Any CPU.Build.0 = Release|Any CPU
		{4EF50E4E-65E5-4DD5-A062-A7C98D768F4A}.Debug|Any CPU.ActiveCfg = Debug|Any CPU
		{4EF50E4E-65E5-4DD5-A062-A7C98D768F4A}.Debug|Any CPU.Build.0 = Debug|Any CPU
		{4EF50E4E-65E5-4DD5-A062-A7C98D768F4A}.Release|Any CPU.ActiveCfg = Release|Any CPU
		{4EF50E4E-65E5-4DD5-A062-A7C98D768F4A}.Release|Any CPU.Build.0 = Release|Any CPU
	EndGlobalSection
	GlobalSection(SolutionProperties) = preSolution
		HideSolutionNode = FALSE
	EndGlobalSection
	GlobalSection(ExtensibilityGlobals) = postSolution
		SolutionGuid = {FFFF6D0A-9165-497B-B891-E4DF73B56D7C}
	EndGlobalSection
EndGlobal
